<?xml version="1.0" encoding="utf-8"?>
<Project ToolsVersion="4.0" xmlns="http://schemas.microsoft.com/developer/msbuild/2003">
  <ItemGroup>
    <Filter Include="Source Files">
      <UniqueIdentifier>{4FC737F1-C7A5-4376-A066-2A32D752A2FF}</UniqueIdentifier>
      <Extensions>cpp;c;cc;cxx;c++;cppm;ixx;def;odl;idl;hpj;bat;asm;asmx</Extensions>
    </Filter>
    <Filter Include="Header Files">
      <UniqueIdentifier>{93995380-89BD-4b04-88EB-625FBE52EBFB}</UniqueIdentifier>
      <Extensions>h;hh;hpp;hxx;h++;hm;inl;inc;ipp;xsd</Extensions>
    </Filter>
    <Filter Include="Resource Files">
      <UniqueIdentifier>{67DA6AB6-F800-4c08-8B7A-83BB121AAD01}</UniqueIdentifier>
      <Extensions>rc;ico;cur;bmp;dlg;rc2;rct;bin;rgs;gif;jpg;jpeg;jpe;resx;tiff;tif;png;wav;mfcribbon-ms</Extensions>
    </Filter>
    <Filter Include="include">
      <UniqueIdentifier>{bd5c38d8-8e9e-4087-b177-4b2a45cec464}</UniqueIdentifier>
    </Filter>
    <Filter Include="include\core">
      <UniqueIdentifier>{074cf7ce-404f-41a4-ba7d-226550b529a0}</UniqueIdentifier>
    </Filter>
    <Filter Include="include\events">
      <UniqueIdentifier>{627693da-1017-4145-a8c9-b7edff374a44}</UniqueIdentifier>
    </Filter>
    <Filter Include="include\utils">
      <UniqueIdentifier>{9dde3380-1bea-4b00-b30d-2f31171afe41}</UniqueIdentifier>
    </Filter>
    <Filter Include="test">
      <UniqueIdentifier>{246320e8-98cc-4a03-b204-6772c1f81f40}</UniqueIdentifier>
    </Filter>
    <Filter Include="src">
      <UniqueIdentifier>{8998c633-7113-4c27-b0b3-5cbafa017bef}</UniqueIdentifier>
    </Filter>
    <Filter Include="src\core">
      <UniqueIdentifier>{151b007d-20dc-4dad-8564-34b7e0dc5af3}</UniqueIdentifier>
    </Filter>
    <Filter Include="src\events">
      <UniqueIdentifier>{70d3572c-86e5-4298-bc8a-3c12a017d767}</UniqueIdentifier>
    </Filter>
    <Filter Include="src\utils">
      <UniqueIdentifier>{92102997-8eb3-42ba-b319-160f26abec7c}</UniqueIdentifier>
    </Filter>
  </ItemGroup>
  <ItemGroup>
    <ClCompile Include="ChronOSCore.cpp">
      <Filter>Source Files</Filter>
    </ClCompile>
    <ClCompile Include="..\..\src\utils\DedupUtils.cpp">
      <Filter>src\utils</Filter>
    </ClCompile>
    <ClCompile Include="..\..\test\TestNormalization.cpp">
      <Filter>test</Filter>
    </ClCompile>
    <ClCompile Include="..\..\src\core\PCAPParser.cpp">
      <Filter>src\core</Filter>
    </ClCompile>
  </ItemGroup>
  <ItemGroup>
    <ClInclude Include="..\..\include\events\Event.h">
      <Filter>include\events</Filter>
    </ClInclude>
    <ClInclude Include="..\..\include\events\HostEvent.h">
      <Filter>include\events</Filter>
    </ClInclude>
    <ClInclude Include="..\..\include\events\NetworkEvent.h">
      <Filter>include\events</Filter>
    </ClInclude>
    <ClInclude Include="..\..\include\events\LogEvent.h">
      <Filter>include\events</Filter>
    </ClInclude>
    <ClInclude Include="..\..\include\utils\TimeUtils.h">
      <Filter>include\utils</Filter>
    </ClInclude>
    <ClInclude Include="..\..\include\utils\IPUtils.h">
      <Filter>include\utils</Filter>
    </ClInclude>
    <ClInclude Include="..\..\include\core\RingBuffer.h">
      <Filter>include\core</Filter>
    </ClInclude>
    <ClInclude Include="..\..\include\core\PCAPParser.h">
      <Filter>include\core</Filter>
    </ClInclude>
  </ItemGroup>
</Project>